// !$*UTF8*$!
{
	archiveVersion = 1;
	classes = {
	};
	objectVersion = 46;
	objects = {

/* Begin PBXBuildFile section */
		782336CD1AE302F000CA0AEB /* globe@2x.png in Resources */ = {isa = PBXBuildFile; fileRef = 782336CC1AE302F000CA0AEB /* globe@2x.png */; };
		782336D11AE3050400CA0AEB /* delete@2x.png in Resources */ = {isa = PBXBuildFile; fileRef = 782336D01AE3050400CA0AEB /* delete@2x.png */; };
		782336D31AE3191A00CA0AEB /* LyricsTableController.swift in Sources */ = {isa = PBXBuildFile; fileRef = 782336D21AE3191A00CA0AEB /* LyricsTableController.swift */; };
		782336D61AE3213D00CA0AEB /* LyricCell.swift in Sources */ = {isa = PBXBuildFile; fileRef = 782336D41AE3213D00CA0AEB /* LyricCell.swift */; };
		782336D71AE3213D00CA0AEB /* LyricCell.xib in Resources */ = {isa = PBXBuildFile; fileRef = 782336D51AE3213D00CA0AEB /* LyricCell.xib */; };
		782336D91AE3263800CA0AEB /* LyricsDatabase.swift in Sources */ = {isa = PBXBuildFile; fileRef = 782336D81AE3263800CA0AEB /* LyricsDatabase.swift */; };
		782336DB1AE327A600CA0AEB /* Lyrics.plist in Resources */ = {isa = PBXBuildFile; fileRef = 782336DA1AE327A600CA0AEB /* Lyrics.plist */; };
		7831457E1AE42BA700AEA875 /* LyricDetailCell.swift in Sources */ = {isa = PBXBuildFile; fileRef = 7831457C1AE42BA700AEA875 /* LyricDetailCell.swift */; };
		7831457F1AE42BA700AEA875 /* LyricDetailCell.xib in Resources */ = {isa = PBXBuildFile; fileRef = 7831457D1AE42BA700AEA875 /* LyricDetailCell.xib */; };
		783145831AE44BDD00AEA875 /* GroupTitleView.swift in Sources */ = {isa = PBXBuildFile; fileRef = 783145821AE44BDD00AEA875 /* GroupTitleView.swift */; };
		783145851AE44BF100AEA875 /* GroupTitleView.xib in Resources */ = {isa = PBXBuildFile; fileRef = 783145841AE44BF100AEA875 /* GroupTitleView.xib */; };
		783145871AE45F9000AEA875 /* GroupSelectionController.swift in Sources */ = {isa = PBXBuildFile; fileRef = 783145861AE45F9000AEA875 /* GroupSelectionController.swift */; };
		783145891AE469D200AEA875 /* UIViewAdditions.swift in Sources */ = {isa = PBXBuildFile; fileRef = 783145881AE469D200AEA875 /* UIViewAdditions.swift */; };
		78F7D2B61AE2E30000D15BD5 /* AppDelegate.swift in Sources */ = {isa = PBXBuildFile; fileRef = 78F7D2B51AE2E30000D15BD5 /* AppDelegate.swift */; };
		78F7D2B81AE2E30000D15BD5 /* ViewController.swift in Sources */ = {isa = PBXBuildFile; fileRef = 78F7D2B71AE2E30000D15BD5 /* ViewController.swift */; };
		78F7D2BB1AE2E30000D15BD5 /* Main.storyboard in Resources */ = {isa = PBXBuildFile; fileRef = 78F7D2B91AE2E30000D15BD5 /* Main.storyboard */; };
		78F7D2BD1AE2E30000D15BD5 /* Images.xcassets in Resources */ = {isa = PBXBuildFile; fileRef = 78F7D2BC1AE2E30000D15BD5 /* Images.xcassets */; };
		78F7D2C01AE2E30000D15BD5 /* LaunchScreen.xib in Resources */ = {isa = PBXBuildFile; fileRef = 78F7D2BE1AE2E30000D15BD5 /* LaunchScreen.xib */; };
		78F7D2CC1AE2E30000D15BD5 /* KanyeLyricsTests.swift in Sources */ = {isa = PBXBuildFile; fileRef = 78F7D2CB1AE2E30000D15BD5 /* KanyeLyricsTests.swift */; };
		78F7D2DE1AE2E32F00D15BD5 /* KeyboardViewController.swift in Sources */ = {isa = PBXBuildFile; fileRef = 78F7D2DD1AE2E32F00D15BD5 /* KeyboardViewController.swift */; };
		78F7D2E11AE2E32F00D15BD5 /* keyboardExt.appex in Embed App Extensions */ = {isa = PBXBuildFile; fileRef = 78F7D2D91AE2E32F00D15BD5 /* keyboardExt.appex */; settings = {ATTRIBUTES = (RemoveHeadersOnCopy, ); }; };
		78F7D2EB1AE2F04000D15BD5 /* keyboardMainView.xib in Resources */ = {isa = PBXBuildFile; fileRef = 78F7D2EA1AE2F04000D15BD5 /* keyboardMainView.xib */; };
/* End PBXBuildFile section */

/* Begin PBXContainerItemProxy section */
		78F7D2C61AE2E30000D15BD5 /* PBXContainerItemProxy */ = {
			isa = PBXContainerItemProxy;
			containerPortal = 78F7D2A81AE2E30000D15BD5 /* Project object */;
			proxyType = 1;
			remoteGlobalIDString = 78F7D2AF1AE2E30000D15BD5;
			remoteInfo = KanyeLyrics;
		};
		78F7D2DF1AE2E32F00D15BD5 /* PBXContainerItemProxy */ = {
			isa = PBXContainerItemProxy;
			containerPortal = 78F7D2A81AE2E30000D15BD5 /* Project object */;
			proxyType = 1;
			remoteGlobalIDString = 78F7D2D81AE2E32F00D15BD5;
			remoteInfo = keyboardExt;
		};
/* End PBXContainerItemProxy section */

/* Begin PBXCopyFilesBuildPhase section */
		78F7D2E51AE2E32F00D15BD5 /* Embed App Extensions */ = {
			isa = PBXCopyFilesBuildPhase;
			buildActionMask = 2147483647;
			dstPath = "";
			dstSubfolderSpec = 13;
			files = (
				78F7D2E11AE2E32F00D15BD5 /* keyboardExt.appex in Embed App Extensions */,
			);
			name = "Embed App Extensions";
			runOnlyForDeploymentPostprocessing = 0;
		};
/* End PBXCopyFilesBuildPhase section */

/* Begin PBXFileReference section */
		782336CC1AE302F000CA0AEB /* globe@2x.png */ = {isa = PBXFileReference; lastKnownFileType = image.png; path = "globe@2x.png"; sourceTree = "<group>"; };
		782336D01AE3050400CA0AEB /* delete@2x.png */ = {isa = PBXFileReference; lastKnownFileType = image.png; path = "delete@2x.png"; sourceTree = "<group>"; };
		782336D21AE3191A00CA0AEB /* LyricsTableController.swift */ = {isa = PBXFileReference; fileEncoding = 4; lastKnownFileType = sourcecode.swift; path = LyricsTableController.swift; sourceTree = "<group>"; };
		782336D41AE3213D00CA0AEB /* LyricCell.swift */ = {isa = PBXFileReference; fileEncoding = 4; lastKnownFileType = sourcecode.swift; path = LyricCell.swift; sourceTree = "<group>"; };
		782336D51AE3213D00CA0AEB /* LyricCell.xib */ = {isa = PBXFileReference; fileEncoding = 4; lastKnownFileType = file.xib; path = LyricCell.xib; sourceTree = "<group>"; };
		782336D81AE3263800CA0AEB /* LyricsDatabase.swift */ = {isa = PBXFileReference; fileEncoding = 4; lastKnownFileType = sourcecode.swift; path = LyricsDatabase.swift; sourceTree = "<group>"; };
		782336DA1AE327A600CA0AEB /* Lyrics.plist */ = {isa = PBXFileReference; fileEncoding = 4; lastKnownFileType = text.plist.xml; path = Lyrics.plist; sourceTree = "<group>"; };
		7831457C1AE42BA700AEA875 /* LyricDetailCell.swift */ = {isa = PBXFileReference; fileEncoding = 4; lastKnownFileType = sourcecode.swift; path = LyricDetailCell.swift; sourceTree = "<group>"; };
		7831457D1AE42BA700AEA875 /* LyricDetailCell.xib */ = {isa = PBXFileReference; fileEncoding = 4; lastKnownFileType = file.xib; path = LyricDetailCell.xib; sourceTree = "<group>"; };
		783145821AE44BDD00AEA875 /* GroupTitleView.swift */ = {isa = PBXFileReference; fileEncoding = 4; lastKnownFileType = sourcecode.swift; path = GroupTitleView.swift; sourceTree = "<group>"; };
		783145841AE44BF100AEA875 /* GroupTitleView.xib */ = {isa = PBXFileReference; fileEncoding = 4; lastKnownFileType = file.xib; path = GroupTitleView.xib; sourceTree = "<group>"; };
		783145861AE45F9000AEA875 /* GroupSelectionController.swift */ = {isa = PBXFileReference; fileEncoding = 4; lastKnownFileType = sourcecode.swift; path = GroupSelectionController.swift; sourceTree = "<group>"; };
		783145881AE469D200AEA875 /* UIViewAdditions.swift */ = {isa = PBXFileReference; fileEncoding = 4; lastKnownFileType = sourcecode.swift; path = UIViewAdditions.swift; sourceTree = "<group>"; };
		78DA9A7A1AE37035007F23F7 /* KanyeLyrics.entitlements */ = {isa = PBXFileReference; lastKnownFileType = text.xml; path = KanyeLyrics.entitlements; sourceTree = "<group>"; };
		78DA9A7B1AE37056007F23F7 /* keyboardExt.entitlements */ = {isa = PBXFileReference; lastKnownFileType = text.xml; path = keyboardExt.entitlements; sourceTree = "<group>"; };
		78F7D2B01AE2E30000D15BD5 /* KanyeLyrics.app */ = {isa = PBXFileReference; explicitFileType = wrapper.application; includeInIndex = 0; path = KanyeLyrics.app; sourceTree = BUILT_PRODUCTS_DIR; };
		78F7D2B41AE2E30000D15BD5 /* Info.plist */ = {isa = PBXFileReference; lastKnownFileType = text.plist.xml; path = Info.plist; sourceTree = "<group>"; };
		78F7D2B51AE2E30000D15BD5 /* AppDelegate.swift */ = {isa = PBXFileReference; lastKnownFileType = sourcecode.swift; path = AppDelegate.swift; sourceTree = "<group>"; };
		78F7D2B71AE2E30000D15BD5 /* ViewController.swift */ = {isa = PBXFileReference; lastKnownFileType = sourcecode.swift; path = ViewController.swift; sourceTree = "<group>"; };
		78F7D2BA1AE2E30000D15BD5 /* Base */ = {isa = PBXFileReference; lastKnownFileType = file.storyboard; name = Base; path = Base.lproj/Main.storyboard; sourceTree = "<group>"; };
		78F7D2BC1AE2E30000D15BD5 /* Images.xcassets */ = {isa = PBXFileReference; lastKnownFileType = folder.assetcatalog; path = Images.xcassets; sourceTree = "<group>"; };
		78F7D2BF1AE2E30000D15BD5 /* Base */ = {isa = PBXFileReference; lastKnownFileType = file.xib; name = Base; path = Base.lproj/LaunchScreen.xib; sourceTree = "<group>"; };
		78F7D2C51AE2E30000D15BD5 /* KanyeLyricsTests.xctest */ = {isa = PBXFileReference; explicitFileType = wrapper.cfbundle; includeInIndex = 0; path = KanyeLyricsTests.xctest; sourceTree = BUILT_PRODUCTS_DIR; };
		78F7D2CA1AE2E30000D15BD5 /* Info.plist */ = {isa = PBXFileReference; lastKnownFileType = text.plist.xml; path = Info.plist; sourceTree = "<group>"; };
		78F7D2CB1AE2E30000D15BD5 /* KanyeLyricsTests.swift */ = {isa = PBXFileReference; lastKnownFileType = sourcecode.swift; path = KanyeLyricsTests.swift; sourceTree = "<group>"; };
		78F7D2D91AE2E32F00D15BD5 /* keyboardExt.appex */ = {isa = PBXFileReference; explicitFileType = "wrapper.app-extension"; includeInIndex = 0; path = keyboardExt.appex; sourceTree = BUILT_PRODUCTS_DIR; };
		78F7D2DC1AE2E32F00D15BD5 /* Info.plist */ = {isa = PBXFileReference; lastKnownFileType = text.plist.xml; path = Info.plist; sourceTree = "<group>"; };
		78F7D2DD1AE2E32F00D15BD5 /* KeyboardViewController.swift */ = {isa = PBXFileReference; lastKnownFileType = sourcecode.swift; path = KeyboardViewController.swift; sourceTree = "<group>"; };
		78F7D2EA1AE2F04000D15BD5 /* keyboardMainView.xib */ = {isa = PBXFileReference; fileEncoding = 4; lastKnownFileType = file.xib; path = keyboardMainView.xib; sourceTree = "<group>"; };
/* End PBXFileReference section */

/* Begin PBXFrameworksBuildPhase section */
		78F7D2AD1AE2E30000D15BD5 /* Frameworks */ = {
			isa = PBXFrameworksBuildPhase;
			buildActionMask = 2147483647;
			files = (
			);
			runOnlyForDeploymentPostprocessing = 0;
		};
		78F7D2C21AE2E30000D15BD5 /* Frameworks */ = {
			isa = PBXFrameworksBuildPhase;
			buildActionMask = 2147483647;
			files = (
			);
			runOnlyForDeploymentPostprocessing = 0;
		};
		78F7D2D61AE2E32F00D15BD5 /* Frameworks */ = {
			isa = PBXFrameworksBuildPhase;
			buildActionMask = 2147483647;
			files = (
			);
			runOnlyForDeploymentPostprocessing = 0;
		};
/* End PBXFrameworksBuildPhase section */

/* Begin PBXGroup section */
		782336CB1AE302F000CA0AEB /* image */ = {
			isa = PBXGroup;
			children = (
				782336CC1AE302F000CA0AEB /* globe@2x.png */,
				782336D01AE3050400CA0AEB /* delete@2x.png */,
			);
			path = image;
			sourceTree = "<group>";
		};
		78F7D2A71AE2E30000D15BD5 = {
			isa = PBXGroup;
			children = (
				78F7D2B21AE2E30000D15BD5 /* KanyeLyrics */,
				78F7D2C81AE2E30000D15BD5 /* KanyeLyricsTests */,
				78F7D2DA1AE2E32F00D15BD5 /* keyboardExt */,
				78F7D2B11AE2E30000D15BD5 /* Products */,
			);
			sourceTree = "<group>";
		};
		78F7D2B11AE2E30000D15BD5 /* Products */ = {
			isa = PBXGroup;
			children = (
				78F7D2B01AE2E30000D15BD5 /* KanyeLyrics.app */,
				78F7D2C51AE2E30000D15BD5 /* KanyeLyricsTests.xctest */,
				78F7D2D91AE2E32F00D15BD5 /* keyboardExt.appex */,
			);
			name = Products;
			sourceTree = "<group>";
		};
		78F7D2B21AE2E30000D15BD5 /* KanyeLyrics */ = {
			isa = PBXGroup;
			children = (
				78DA9A7A1AE37035007F23F7 /* KanyeLyrics.entitlements */,
				78F7D2B51AE2E30000D15BD5 /* AppDelegate.swift */,
				78F7D2B71AE2E30000D15BD5 /* ViewController.swift */,
				78F7D2B91AE2E30000D15BD5 /* Main.storyboard */,
				78F7D2BC1AE2E30000D15BD5 /* Images.xcassets */,
				78F7D2BE1AE2E30000D15BD5 /* LaunchScreen.xib */,
				78F7D2B31AE2E30000D15BD5 /* Supporting Files */,
			);
			path = KanyeLyrics;
			sourceTree = "<group>";
		};
		78F7D2B31AE2E30000D15BD5 /* Supporting Files */ = {
			isa = PBXGroup;
			children = (
				78F7D2B41AE2E30000D15BD5 /* Info.plist */,
			);
			name = "Supporting Files";
			sourceTree = "<group>";
		};
		78F7D2C81AE2E30000D15BD5 /* KanyeLyricsTests */ = {
			isa = PBXGroup;
			children = (
				78F7D2CB1AE2E30000D15BD5 /* KanyeLyricsTests.swift */,
				78F7D2C91AE2E30000D15BD5 /* Supporting Files */,
			);
			path = KanyeLyricsTests;
			sourceTree = "<group>";
		};
		78F7D2C91AE2E30000D15BD5 /* Supporting Files */ = {
			isa = PBXGroup;
			children = (
				78F7D2CA1AE2E30000D15BD5 /* Info.plist */,
			);
			name = "Supporting Files";
			sourceTree = "<group>";
		};
		78F7D2DA1AE2E32F00D15BD5 /* keyboardExt */ = {
			isa = PBXGroup;
			children = (
				78DA9A7B1AE37056007F23F7 /* keyboardExt.entitlements */,
				78F7D2DD1AE2E32F00D15BD5 /* KeyboardViewController.swift */,
				78F7D2EA1AE2F04000D15BD5 /* keyboardMainView.xib */,
				782336D21AE3191A00CA0AEB /* LyricsTableController.swift */,
				783145861AE45F9000AEA875 /* GroupSelectionController.swift */,
				782336D41AE3213D00CA0AEB /* LyricCell.swift */,
				782336D51AE3213D00CA0AEB /* LyricCell.xib */,
				7831457C1AE42BA700AEA875 /* LyricDetailCell.swift */,
				7831457D1AE42BA700AEA875 /* LyricDetailCell.xib */,
				783145821AE44BDD00AEA875 /* GroupTitleView.swift */,
				783145841AE44BF100AEA875 /* GroupTitleView.xib */,
				782336D81AE3263800CA0AEB /* LyricsDatabase.swift */,
				782336DA1AE327A600CA0AEB /* Lyrics.plist */,
				783145881AE469D200AEA875 /* UIViewAdditions.swift */,
				782336CB1AE302F000CA0AEB /* image */,
				78F7D2DB1AE2E32F00D15BD5 /* Supporting Files */,
			);
			path = keyboardExt;
			sourceTree = "<group>";
		};
		78F7D2DB1AE2E32F00D15BD5 /* Supporting Files */ = {
			isa = PBXGroup;
			children = (
				78F7D2DC1AE2E32F00D15BD5 /* Info.plist */,
			);
			name = "Supporting Files";
			sourceTree = "<group>";
		};
/* End PBXGroup section */

/* Begin PBXNativeTarget section */
		78F7D2AF1AE2E30000D15BD5 /* KanyeLyrics */ = {
			isa = PBXNativeTarget;
			buildConfigurationList = 78F7D2CF1AE2E30000D15BD5 /* Build configuration list for PBXNativeTarget "KanyeLyrics" */;
			buildPhases = (
				78F7D2AC1AE2E30000D15BD5 /* Sources */,
				78F7D2AD1AE2E30000D15BD5 /* Frameworks */,
				78F7D2AE1AE2E30000D15BD5 /* Resources */,
				78F7D2E51AE2E32F00D15BD5 /* Embed App Extensions */,
			);
			buildRules = (
			);
			dependencies = (
				78F7D2E01AE2E32F00D15BD5 /* PBXTargetDependency */,
			);
			name = KanyeLyrics;
			productName = KanyeLyrics;
			productReference = 78F7D2B01AE2E30000D15BD5 /* KanyeLyrics.app */;
			productType = "com.apple.product-type.application";
		};
		78F7D2C41AE2E30000D15BD5 /* KanyeLyricsTests */ = {
			isa = PBXNativeTarget;
			buildConfigurationList = 78F7D2D21AE2E30000D15BD5 /* Build configuration list for PBXNativeTarget "KanyeLyricsTests" */;
			buildPhases = (
				78F7D2C11AE2E30000D15BD5 /* Sources */,
				78F7D2C21AE2E30000D15BD5 /* Frameworks */,
				78F7D2C31AE2E30000D15BD5 /* Resources */,
			);
			buildRules = (
			);
			dependencies = (
				78F7D2C71AE2E30000D15BD5 /* PBXTargetDependency */,
			);
			name = KanyeLyricsTests;
			productName = KanyeLyricsTests;
			productReference = 78F7D2C51AE2E30000D15BD5 /* KanyeLyricsTests.xctest */;
			productType = "com.apple.product-type.bundle.unit-test";
		};
		78F7D2D81AE2E32F00D15BD5 /* keyboardExt */ = {
			isa = PBXNativeTarget;
			buildConfigurationList = 78F7D2E21AE2E32F00D15BD5 /* Build configuration list for PBXNativeTarget "keyboardExt" */;
			buildPhases = (
				78F7D2D51AE2E32F00D15BD5 /* Sources */,
				78F7D2D61AE2E32F00D15BD5 /* Frameworks */,
				78F7D2D71AE2E32F00D15BD5 /* Resources */,
			);
			buildRules = (
			);
			dependencies = (
			);
			name = keyboardExt;
			productName = keyboardExt;
			productReference = 78F7D2D91AE2E32F00D15BD5 /* keyboardExt.appex */;
			productType = "com.apple.product-type.app-extension";
		};
/* End PBXNativeTarget section */

/* Begin PBXProject section */
		78F7D2A81AE2E30000D15BD5 /* Project object */ = {
			isa = PBXProject;
			attributes = {
				LastUpgradeCheck = 0630;
				ORGANIZATIONNAME = JordanK;
				TargetAttributes = {
					78F7D2AF1AE2E30000D15BD5 = {
						CreatedOnToolsVersion = 6.3;
						DevelopmentTeam = 52WW63A9X8;
						SystemCapabilities = {
							com.apple.ApplicationGroups.iOS = {
								enabled = 0;
							};
						};
					};
					78F7D2C41AE2E30000D15BD5 = {
						CreatedOnToolsVersion = 6.3;
						TestTargetID = 78F7D2AF1AE2E30000D15BD5;
					};
					78F7D2D81AE2E32F00D15BD5 = {
						CreatedOnToolsVersion = 6.3;
						DevelopmentTeam = 52WW63A9X8;
						SystemCapabilities = {
							com.apple.ApplicationGroups.iOS = {
								enabled = 0;
							};
						};
					};
				};
			};
			buildConfigurationList = 78F7D2AB1AE2E30000D15BD5 /* Build configuration list for PBXProject "KanyeLyrics" */;
			compatibilityVersion = "Xcode 3.2";
			developmentRegion = English;
			hasScannedForEncodings = 0;
			knownRegions = (
				en,
				Base,
			);
			mainGroup = 78F7D2A71AE2E30000D15BD5;
			productRefGroup = 78F7D2B11AE2E30000D15BD5 /* Products */;
			projectDirPath = "";
			projectRoot = "";
			targets = (
				78F7D2AF1AE2E30000D15BD5 /* KanyeLyrics */,
				78F7D2C41AE2E30000D15BD5 /* KanyeLyricsTests */,
				78F7D2D81AE2E32F00D15BD5 /* keyboardExt */,
			);
		};
/* End PBXProject section */

/* Begin PBXResourcesBuildPhase section */
		78F7D2AE1AE2E30000D15BD5 /* Resources */ = {
			isa = PBXResourcesBuildPhase;
			buildActionMask = 2147483647;
			files = (
				78F7D2BB1AE2E30000D15BD5 /* Main.storyboard in Resources */,
				78F7D2C01AE2E30000D15BD5 /* LaunchScreen.xib in Resources */,
				78F7D2BD1AE2E30000D15BD5 /* Images.xcassets in Resources */,
			);
			runOnlyForDeploymentPostprocessing = 0;
		};
		78F7D2C31AE2E30000D15BD5 /* Resources */ = {
			isa = PBXResourcesBuildPhase;
			buildActionMask = 2147483647;
			files = (
			);
			runOnlyForDeploymentPostprocessing = 0;
		};
		78F7D2D71AE2E32F00D15BD5 /* Resources */ = {
			isa = PBXResourcesBuildPhase;
			buildActionMask = 2147483647;
			files = (
				783145851AE44BF100AEA875 /* GroupTitleView.xib in Resources */,
				7831457F1AE42BA700AEA875 /* LyricDetailCell.xib in Resources */,
				782336D11AE3050400CA0AEB /* delete@2x.png in Resources */,
				782336D71AE3213D00CA0AEB /* LyricCell.xib in Resources */,
				782336DB1AE327A600CA0AEB /* Lyrics.plist in Resources */,
				782336CD1AE302F000CA0AEB /* globe@2x.png in Resources */,
				78F7D2EB1AE2F04000D15BD5 /* keyboardMainView.xib in Resources */,
			);
			runOnlyForDeploymentPostprocessing = 0;
		};
/* End PBXResourcesBuildPhase section */

/* Begin PBXSourcesBuildPhase section */
		78F7D2AC1AE2E30000D15BD5 /* Sources */ = {
			isa = PBXSourcesBuildPhase;
			buildActionMask = 2147483647;
			files = (
				78F7D2B81AE2E30000D15BD5 /* ViewController.swift in Sources */,
				78F7D2B61AE2E30000D15BD5 /* AppDelegate.swift in Sources */,
			);
			runOnlyForDeploymentPostprocessing = 0;
		};
		78F7D2C11AE2E30000D15BD5 /* Sources */ = {
			isa = PBXSourcesBuildPhase;
			buildActionMask = 2147483647;
			files = (
				78F7D2CC1AE2E30000D15BD5 /* KanyeLyricsTests.swift in Sources */,
			);
			runOnlyForDeploymentPostprocessing = 0;
		};
		78F7D2D51AE2E32F00D15BD5 /* Sources */ = {
			isa = PBXSourcesBuildPhase;
			buildActionMask = 2147483647;
			files = (
				783145891AE469D200AEA875 /* UIViewAdditions.swift in Sources */,
				782336D31AE3191A00CA0AEB /* LyricsTableController.swift in Sources */,
				783145831AE44BDD00AEA875 /* GroupTitleView.swift in Sources */,
				78F7D2DE1AE2E32F00D15BD5 /* KeyboardViewController.swift in Sources */,
				782336D91AE3263800CA0AEB /* LyricsDatabase.swift in Sources */,
				7831457E1AE42BA700AEA875 /* LyricDetailCell.swift in Sources */,
				783145871AE45F9000AEA875 /* GroupSelectionController.swift in Sources */,
				782336D61AE3213D00CA0AEB /* LyricCell.swift in Sources */,
			);
			runOnlyForDeploymentPostprocessing = 0;
		};
/* End PBXSourcesBuildPhase section */

/* Begin PBXTargetDependency section */
		78F7D2C71AE2E30000D15BD5 /* PBXTargetDependency */ = {
			isa = PBXTargetDependency;
			target = 78F7D2AF1AE2E30000D15BD5 /* KanyeLyrics */;
			targetProxy = 78F7D2C61AE2E30000D15BD5 /* PBXContainerItemProxy */;
		};
		78F7D2E01AE2E32F00D15BD5 /* PBXTargetDependency */ = {
			isa = PBXTargetDependency;
			target = 78F7D2D81AE2E32F00D15BD5 /* keyboardExt */;
			targetProxy = 78F7D2DF1AE2E32F00D15BD5 /* PBXContainerItemProxy */;
		};
/* End PBXTargetDependency section */

/* Begin PBXVariantGroup section */
		78F7D2B91AE2E30000D15BD5 /* Main.storyboard */ = {
			isa = PBXVariantGroup;
			children = (
				78F7D2BA1AE2E30000D15BD5 /* Base */,
			);
			name = Main.storyboard;
			sourceTree = "<group>";
		};
		78F7D2BE1AE2E30000D15BD5 /* LaunchScreen.xib */ = {
			isa = PBXVariantGroup;
			children = (
				78F7D2BF1AE2E30000D15BD5 /* Base */,
			);
			name = LaunchScreen.xib;
			sourceTree = "<group>";
		};
/* End PBXVariantGroup section */

/* Begin XCBuildConfiguration section */
		78F7D2CD1AE2E30000D15BD5 /* Debug */ = {
			isa = XCBuildConfiguration;
			buildSettings = {
				ALWAYS_SEARCH_USER_PATHS = NO;
				CLANG_CXX_LANGUAGE_STANDARD = "gnu++0x";
				CLANG_CXX_LIBRARY = "libc++";
				CLANG_ENABLE_MODULES = YES;
				CLANG_ENABLE_OBJC_ARC = YES;
				CLANG_WARN_BOOL_CONVERSION = YES;
				CLANG_WARN_CONSTANT_CONVERSION = YES;
				CLANG_WARN_DIRECT_OBJC_ISA_USAGE = YES_ERROR;
				CLANG_WARN_EMPTY_BODY = YES;
				CLANG_WARN_ENUM_CONVERSION = YES;
				CLANG_WARN_INT_CONVERSION = YES;
				CLANG_WARN_OBJC_ROOT_CLASS = YES_ERROR;
				CLANG_WARN_UNREACHABLE_CODE = YES;
				CLANG_WARN__DUPLICATE_METHOD_MATCH = YES;
				"CODE_SIGN_IDENTITY[sdk=iphoneos*]" = "iPhone Developer";
				COPY_PHASE_STRIP = NO;
				DEBUG_INFORMATION_FORMAT = "dwarf-with-dsym";
				ENABLE_STRICT_OBJC_MSGSEND = YES;
				GCC_C_LANGUAGE_STANDARD = gnu99;
				GCC_DYNAMIC_NO_PIC = NO;
				GCC_NO_COMMON_BLOCKS = YES;
				GCC_OPTIMIZATION_LEVEL = 0;
				GCC_PREPROCESSOR_DEFINITIONS = (
					"DEBUG=1",
					"$(inherited)",
				);
				GCC_SYMBOLS_PRIVATE_EXTERN = NO;
				GCC_WARN_64_TO_32_BIT_CONVERSION = YES;
				GCC_WARN_ABOUT_RETURN_TYPE = YES_ERROR;
				GCC_WARN_UNDECLARED_SELECTOR = YES;
				GCC_WARN_UNINITIALIZED_AUTOS = YES_AGGRESSIVE;
				GCC_WARN_UNUSED_FUNCTION = YES;
				GCC_WARN_UNUSED_VARIABLE = YES;
				IPHONEOS_DEPLOYMENT_TARGET = 8.3;
				MTL_ENABLE_DEBUG_INFO = YES;
				ONLY_ACTIVE_ARCH = YES;
				SDKROOT = iphoneos;
				SWIFT_OPTIMIZATION_LEVEL = "-Onone";
			};
			name = Debug;
		};
		78F7D2CE1AE2E30000D15BD5 /* Release */ = {
			isa = XCBuildConfiguration;
			buildSettings = {
				ALWAYS_SEARCH_USER_PATHS = NO;
				CLANG_CXX_LANGUAGE_STANDARD = "gnu++0x";
				CLANG_CXX_LIBRARY = "libc++";
				CLANG_ENABLE_MODULES = YES;
				CLANG_ENABLE_OBJC_ARC = YES;
				CLANG_WARN_BOOL_CONVERSION = YES;
				CLANG_WARN_CONSTANT_CONVERSION = YES;
				CLANG_WARN_DIRECT_OBJC_ISA_USAGE = YES_ERROR;
				CLANG_WARN_EMPTY_BODY = YES;
				CLANG_WARN_ENUM_CONVERSION = YES;
				CLANG_WARN_INT_CONVERSION = YES;
				CLANG_WARN_OBJC_ROOT_CLASS = YES_ERROR;
				CLANG_WARN_UNREACHABLE_CODE = YES;
				CLANG_WARN__DUPLICATE_METHOD_MATCH = YES;
				"CODE_SIGN_IDENTITY[sdk=iphoneos*]" = "iPhone Developer";
				COPY_PHASE_STRIP = NO;
				DEBUG_INFORMATION_FORMAT = "dwarf-with-dsym";
				ENABLE_NS_ASSERTIONS = NO;
				ENABLE_STRICT_OBJC_MSGSEND = YES;
				GCC_C_LANGUAGE_STANDARD = gnu99;
				GCC_NO_COMMON_BLOCKS = YES;
				GCC_WARN_64_TO_32_BIT_CONVERSION = YES;
				GCC_WARN_ABOUT_RETURN_TYPE = YES_ERROR;
				GCC_WARN_UNDECLARED_SELECTOR = YES;
				GCC_WARN_UNINITIALIZED_AUTOS = YES_AGGRESSIVE;
				GCC_WARN_UNUSED_FUNCTION = YES;
				GCC_WARN_UNUSED_VARIABLE = YES;
				IPHONEOS_DEPLOYMENT_TARGET = 8.3;
				MTL_ENABLE_DEBUG_INFO = NO;
				SDKROOT = iphoneos;
				VALIDATE_PRODUCT = YES;
			};
			name = Release;
		};
		78F7D2D01AE2E30000D15BD5 /* Debug */ = {
			isa = XCBuildConfiguration;
			buildSettings = {
				ASSETCATALOG_COMPILER_APPICON_NAME = AppIcon;
				CODE_SIGN_IDENTITY = "iPhone Developer";
				"CODE_SIGN_IDENTITY[sdk=iphoneos*]" = "iPhone Developer";
				INFOPLIST_FILE = KanyeLyrics/Info.plist;
				LD_RUNPATH_SEARCH_PATHS = "$(inherited) @executable_path/Frameworks";
				PRODUCT_NAME = "$(TARGET_NAME)";
				PROVISIONING_PROFILE = "";
			};
			name = Debug;
		};
		78F7D2D11AE2E30000D15BD5 /* Release */ = {
			isa = XCBuildConfiguration;
			buildSettings = {
				ASSETCATALOG_COMPILER_APPICON_NAME = AppIcon;
				CODE_SIGN_IDENTITY = "iPhone Developer";
				"CODE_SIGN_IDENTITY[sdk=iphoneos*]" = "iPhone Developer";
				INFOPLIST_FILE = KanyeLyrics/Info.plist;
				LD_RUNPATH_SEARCH_PATHS = "$(inherited) @executable_path/Frameworks";
				PRODUCT_NAME = "$(TARGET_NAME)";
				PROVISIONING_PROFILE = "";
			};
			name = Release;
		};
		78F7D2D31AE2E30000D15BD5 /* Debug */ = {
			isa = XCBuildConfiguration;
			buildSettings = {
				BUNDLE_LOADER = "$(TEST_HOST)";
				FRAMEWORK_SEARCH_PATHS = (
					"$(SDKROOT)/Developer/Library/Frameworks",
					"$(inherited)",
				);
				GCC_PREPROCESSOR_DEFINITIONS = (
					"DEBUG=1",
					"$(inherited)",
				);
				INFOPLIST_FILE = KanyeLyricsTests/Info.plist;
				LD_RUNPATH_SEARCH_PATHS = "$(inherited) @executable_path/Frameworks @loader_path/Frameworks";
				PRODUCT_NAME = "$(TARGET_NAME)";
				TEST_HOST = "$(BUILT_PRODUCTS_DIR)/KanyeLyrics.app/KanyeLyrics";
			};
			name = Debug;
		};
		78F7D2D41AE2E30000D15BD5 /* Release */ = {
			isa = XCBuildConfiguration;
			buildSettings = {
				BUNDLE_LOADER = "$(TEST_HOST)";
				FRAMEWORK_SEARCH_PATHS = (
					"$(SDKROOT)/Developer/Library/Frameworks",
					"$(inherited)",
				);
				INFOPLIST_FILE = KanyeLyricsTests/Info.plist;
				LD_RUNPATH_SEARCH_PATHS = "$(inherited) @executable_path/Frameworks @loader_path/Frameworks";
				PRODUCT_NAME = "$(TARGET_NAME)";
				TEST_HOST = "$(BUILT_PRODUCTS_DIR)/KanyeLyrics.app/KanyeLyrics";
			};
			name = Release;
		};
		78F7D2E31AE2E32F00D15BD5 /* Debug */ = {
			isa = XCBuildConfiguration;
			buildSettings = {
				CODE_SIGN_IDENTITY = "iPhone Developer";
				"CODE_SIGN_IDENTITY[sdk=iphoneos*]" = "iPhone Developer";
				GCC_PREPROCESSOR_DEFINITIONS = (
					"DEBUG=1",
					"$(inherited)",
				);
				INFOPLIST_FILE = keyboardExt/Info.plist;
				LD_RUNPATH_SEARCH_PATHS = "$(inherited) @executable_path/Frameworks @executable_path/../../Frameworks";
				PRODUCT_NAME = "$(TARGET_NAME)";
				PROVISIONING_PROFILE = "";
				SKIP_INSTALL = YES;
			};
			name = Debug;
		};
		78F7D2E41AE2E32F00D15BD5 /* Release */ = {
			isa = XCBuildConfiguration;
			buildSettings = {
				CODE_SIGN_IDENTITY = "iPhone Developer";
				"CODE_SIGN_IDENTITY[sdk=iphoneos*]" = "iPhone Developer";
				INFOPLIST_FILE = keyboardExt/Info.plist;
				LD_RUNPATH_SEARCH_PATHS = "$(inherited) @executable_path/Frameworks @executable_path/../../Frameworks";
				PRODUCT_NAME = "$(TARGET_NAME)";
				PROVISIONING_PROFILE = "";
				SKIP_INSTALL = YES;
			};
			name = Release;
		};
/* End XCBuildConfiguration section */

/* Begin XCConfigurationList section */
		78F7D2AB1AE2E30000D15BD5 /* Build configuration list for PBXProject "KanyeLyrics" */ = {
			isa = XCConfigurationList;
			buildConfigurations = (
				78F7D2CD1AE2E30000D15BD5 /* Debug */,
				78F7D2CE1AE2E30000D15BD5 /* Release */,
			);
			defaultConfigurationIsVisible = 0;
			defaultConfigurationName = Release;
		};
		78F7D2CF1AE2E30000D15BD5 /* Build configuration list for PBXNativeTarget "KanyeLyrics" */ = {
			isa = XCConfigurationList;
			buildConfigurations = (
				78F7D2D01AE2E30000D15BD5 /* Debug */,
				78F7D2D11AE2E30000D15BD5 /* Release */,
			);
			defaultConfigurationIsVisible = 0;
			defaultConfigurationName = Release;
		};
		78F7D2D21AE2E30000D15BD5 /* Build configuration list for PBXNativeTarget "KanyeLyricsTests" */ = {
			isa = XCConfigurationList;
			buildConfigurations = (
				78F7D2D31AE2E30000D15BD5 /* Debug */,
				78F7D2D41AE2E30000D15BD5 /* Release */,
			);
			defaultConfigurationIsVisible = 0;
			defaultConfigurationName = Release;
		};
		78F7D2E21AE2E32F00D15BD5 /* Build configuration list for PBXNativeTarget "keyboardExt" */ = {
			isa = XCConfigurationList;
			buildConfigurations = (
				78F7D2E31AE2E32F00D15BD5 /* Debug */,
				78F7D2E41AE2E32F00D15BD5 /* Release */,
			);
			defaultConfigurationIsVisible = 0;
			defaultConfigurationName = Release;
		};
/* End XCConfigurationList section */
	};
	rootObject = 78F7D2A81AE2E30000D15BD5 /* Project object */;
}
